// !$*UTF8*$!
{
	archiveVersion = 1;
	classes = {
	};
	objectVersion = 46;
	objects = {

/* Begin PBXBuildFile section */
		38F709471CF8305900432D84 /* main.m in Sources */ = {isa = PBXBuildFile; fileRef = 38F709461CF8305900432D84 /* main.m */; };
		38F7094A1CF8305900432D84 /* AppDelegate.m in Sources */ = {isa = PBXBuildFile; fileRef = 38F709491CF8305900432D84 /* AppDelegate.m */; };
		38F7094D1CF8305900432D84 /* ViewController.m in Sources */ = {isa = PBXBuildFile; fileRef = 38F7094C1CF8305900432D84 /* ViewController.m */; };
		38F709501CF8305900432D84 /* Main.storyboard in Resources */ = {isa = PBXBuildFile; fileRef = 38F7094E1CF8305900432D84 /* Main.storyboard */; };
		38F709521CF8305900432D84 /* Assets.xcassets in Resources */ = {isa = PBXBuildFile; fileRef = 38F709511CF8305900432D84 /* Assets.xcassets */; };
		38F709551CF8305900432D84 /* LaunchScreen.storyboard in Resources */ = {isa = PBXBuildFile; fileRef = 38F709531CF8305900432D84 /* LaunchScreen.storyboard */; };
		38F709601CF8305900432D84 /* MyCoreTextDemoTests.m in Sources */ = {isa = PBXBuildFile; fileRef = 38F7095F1CF8305900432D84 /* MyCoreTextDemoTests.m */; };
		38F7096B1CF8305900432D84 /* MyCoreTextDemoUITests.m in Sources */ = {isa = PBXBuildFile; fileRef = 38F7096A1CF8305900432D84 /* MyCoreTextDemoUITests.m */; };
		38F7097A1CF8307D00432D84 /* DTCoreText.framework in Frameworks */ = {isa = PBXBuildFile; fileRef = 38F709781CF8307D00432D84 /* DTCoreText.framework */; };
		38F7097B1CF8307D00432D84 /* DTFoundation.framework in Frameworks */ = {isa = PBXBuildFile; fileRef = 38F709791CF8307D00432D84 /* DTFoundation.framework */; };
		38F7097D1CF8308F00432D84 /* DTCoreText.framework in CopyFiles */ = {isa = PBXBuildFile; fileRef = 38F709781CF8307D00432D84 /* DTCoreText.framework */; settings = {ATTRIBUTES = (CodeSignOnCopy, RemoveHeadersOnCopy, ); }; };
		38F7097E1CF8309200432D84 /* DTFoundation.framework in CopyFiles */ = {isa = PBXBuildFile; fileRef = 38F709791CF8307D00432D84 /* DTFoundation.framework */; settings = {ATTRIBUTES = (CodeSignOnCopy, RemoveHeadersOnCopy, ); }; };
/* End PBXBuildFile section */

/* Begin PBXContainerItemProxy section */
		38F7095C1CF8305900432D84 /* PBXContainerItemProxy */ = {
			isa = PBXContainerItemProxy;
			containerPortal = 38F7093A1CF8305900432D84 /* Project object */;
			proxyType = 1;
			remoteGlobalIDString = 38F709411CF8305900432D84;
			remoteInfo = MyCoreTextDemo;
		};
		38F709671CF8305900432D84 /* PBXContainerItemProxy */ = {
			isa = PBXContainerItemProxy;
			containerPortal = 38F7093A1CF8305900432D84 /* Project object */;
			proxyType = 1;
			remoteGlobalIDString = 38F709411CF8305900432D84;
			remoteInfo = MyCoreTextDemo;
		};
/* End PBXContainerItemProxy section */

/* Begin PBXCopyFilesBuildPhase section */
		38F7097C1CF8308A00432D84 /* CopyFiles */ = {
			isa = PBXCopyFilesBuildPhase;
			buildActionMask = 2147483647;
			dstPath = "";
			dstSubfolderSpec = 10;
			files = (
				38F7097E1CF8309200432D84 /* DTFoundation.framework in CopyFiles */,
				38F7097D1CF8308F00432D84 /* DTCoreText.framework in CopyFiles */,
			);
			runOnlyForDeploymentPostprocessing = 0;
		};
/* End PBXCopyFilesBuildPhase section */

/* Begin PBXFileReference section */
		38F709421CF8305900432D84 /* MyCoreTextDemo.app */ = {isa = PBXFileReference; explicitFileType = wrapper.application; includeInIndex = 0; path = MyCoreTextDemo.app; sourceTree = BUILT_PRODUCTS_DIR; };
		38F709461CF8305900432D84 /* main.m */ = {isa = PBXFileReference; lastKnownFileType = sourcecode.c.objc; path = main.m; sourceTree = "<group>"; };
		38F709481CF8305900432D84 /* AppDelegate.h */ = {isa = PBXFileReference; lastKnownFileType = sourcecode.c.h; path = AppDelegate.h; sourceTree = "<group>"; };
		38F709491CF8305900432D84 /* AppDelegate.m */ = {isa = PBXFileReference; lastKnownFileType = sourcecode.c.objc; path = AppDelegate.m; sourceTree = "<group>"; };
		38F7094B1CF8305900432D84 /* ViewController.h */ = {isa = PBXFileReference; lastKnownFileType = sourcecode.c.h; path = ViewController.h; sourceTree = "<group>"; };
		38F7094C1CF8305900432D84 /* ViewController.m */ = {isa = PBXFileReference; lastKnownFileType = sourcecode.c.objc; path = ViewController.m; sourceTree = "<group>"; };
		38F7094F1CF8305900432D84 /* Base */ = {isa = PBXFileReference; lastKnownFileType = file.storyboard; name = Base; path = Base.lproj/Main.storyboard; sourceTree = "<group>"; };
		38F709511CF8305900432D84 /* Assets.xcassets */ = {isa = PBXFileReference; lastKnownFileType = folder.assetcatalog; path = Assets.xcassets; sourceTree = "<group>"; };
		38F709541CF8305900432D84 /* Base */ = {isa = PBXFileReference; lastKnownFileType = file.storyboard; name = Base; path = Base.lproj/LaunchScreen.storyboard; sourceTree = "<group>"; };
		38F709561CF8305900432D84 /* Info.plist */ = {isa = PBXFileReference; lastKnownFileType = text.plist.xml; path = Info.plist; sourceTree = "<group>"; };
		38F7095B1CF8305900432D84 /* MyCoreTextDemoTests.xctest */ = {isa = PBXFileReference; explicitFileType = wrapper.cfbundle; includeInIndex = 0; path = MyCoreTextDemoTests.xctest; sourceTree = BUILT_PRODUCTS_DIR; };
		38F7095F1CF8305900432D84 /* MyCoreTextDemoTests.m */ = {isa = PBXFileReference; lastKnownFileType = sourcecode.c.objc; path = MyCoreTextDemoTests.m; sourceTree = "<group>"; };
		38F709611CF8305900432D84 /* Info.plist */ = {isa = PBXFileReference; lastKnownFileType = text.plist.xml; path = Info.plist; sourceTree = "<group>"; };
		38F709661CF8305900432D84 /* MyCoreTextDemoUITests.xctest */ = {isa = PBXFileReference; explicitFileType = wrapper.cfbundle; includeInIndex = 0; path = MyCoreTextDemoUITests.xctest; sourceTree = BUILT_PRODUCTS_DIR; };
		38F7096A1CF8305900432D84 /* MyCoreTextDemoUITests.m */ = {isa = PBXFileReference; lastKnownFileType = sourcecode.c.objc; path = MyCoreTextDemoUITests.m; sourceTree = "<group>"; };
		38F7096C1CF8305900432D84 /* Info.plist */ = {isa = PBXFileReference; lastKnownFileType = text.plist.xml; path = Info.plist; sourceTree = "<group>"; };
		38F709781CF8307D00432D84 /* DTCoreText.framework */ = {isa = PBXFileReference; lastKnownFileType = wrapper.framework; path = DTCoreText.framework; sourceTree = "<group>"; };
		38F709791CF8307D00432D84 /* DTFoundation.framework */ = {isa = PBXFileReference; lastKnownFileType = wrapper.framework; path = DTFoundation.framework; sourceTree = "<group>"; };
/* End PBXFileReference section */

/* Begin PBXFrameworksBuildPhase section */
		38F7093F1CF8305900432D84 /* Frameworks */ = {
			isa = PBXFrameworksBuildPhase;
			buildActionMask = 2147483647;
			files = (
				38F7097A1CF8307D00432D84 /* DTCoreText.framework in Frameworks */,
				38F7097B1CF8307D00432D84 /* DTFoundation.framework in Frameworks */,
			);
			runOnlyForDeploymentPostprocessing = 0;
		};
		38F709581CF8305900432D84 /* Frameworks */ = {
			isa = PBXFrameworksBuildPhase;
			buildActionMask = 2147483647;
			files = (
			);
			runOnlyForDeploymentPostprocessing = 0;
		};
		38F709631CF8305900432D84 /* Frameworks */ = {
			isa = PBXFrameworksBuildPhase;
			buildActionMask = 2147483647;
			files = (
			);
			runOnlyForDeploymentPostprocessing = 0;
		};
/* End PBXFrameworksBuildPhase section */

/* Begin PBXGroup section */
		38F709391CF8305900432D84 = {
			isa = PBXGroup;
			children = (
				38F709441CF8305900432D84 /* MyCoreTextDemo */,
				38F7095E1CF8305900432D84 /* MyCoreTextDemoTests */,
				38F709691CF8305900432D84 /* MyCoreTextDemoUITests */,
				38F709431CF8305900432D84 /* Products */,
			);
			sourceTree = "<group>";
		};
		38F709431CF8305900432D84 /* Products */ = {
			isa = PBXGroup;
			children = (
				38F709421CF8305900432D84 /* MyCoreTextDemo.app */,
				38F7095B1CF8305900432D84 /* MyCoreTextDemoTests.xctest */,
				38F709661CF8305900432D84 /* MyCoreTextDemoUITests.xctest */,
			);
			name = Products;
			sourceTree = "<group>";
		};
		38F709441CF8305900432D84 /* MyCoreTextDemo */ = {
			isa = PBXGroup;
			children = (
				38F709481CF8305900432D84 /* AppDelegate.h */,
				38F709491CF8305900432D84 /* AppDelegate.m */,
				38F7094B1CF8305900432D84 /* ViewController.h */,
				38F7094C1CF8305900432D84 /* ViewController.m */,
				38F709781CF8307D00432D84 /* DTCoreText.framework */,
				38F709791CF8307D00432D84 /* DTFoundation.framework */,
				38F7094E1CF8305900432D84 /* Main.storyboard */,
				38F709511CF8305900432D84 /* Assets.xcassets */,
				38F709531CF8305900432D84 /* LaunchScreen.storyboard */,
				38F709561CF8305900432D84 /* Info.plist */,
				38F709451CF8305900432D84 /* Supporting Files */,
			);
			path = MyCoreTextDemo;
			sourceTree = "<group>";
		};
		38F709451CF8305900432D84 /* Supporting Files */ = {
			isa = PBXGroup;
			children = (
				38F709461CF8305900432D84 /* main.m */,
			);
			name = "Supporting Files";
			sourceTree = "<group>";
		};
		38F7095E1CF8305900432D84 /* MyCoreTextDemoTests */ = {
			isa = PBXGroup;
			children = (
				38F7095F1CF8305900432D84 /* MyCoreTextDemoTests.m */,
				38F709611CF8305900432D84 /* Info.plist */,
			);
			path = MyCoreTextDemoTests;
			sourceTree = "<group>";
		};
		38F709691CF8305900432D84 /* MyCoreTextDemoUITests */ = {
			isa = PBXGroup;
			children = (
				38F7096A1CF8305900432D84 /* MyCoreTextDemoUITests.m */,
				38F7096C1CF8305900432D84 /* Info.plist */,
			);
			path = MyCoreTextDemoUITests;
			sourceTree = "<group>";
		};
/* End PBXGroup section */

/* Begin PBXNativeTarget section */
		38F709411CF8305900432D84 /* MyCoreTextDemo */ = {
			isa = PBXNativeTarget;
			buildConfigurationList = 38F7096F1CF8305900432D84 /* Build configuration list for PBXNativeTarget "MyCoreTextDemo" */;
			buildPhases = (
				38F7093E1CF8305900432D84 /* Sources */,
				38F7093F1CF8305900432D84 /* Frameworks */,
				38F709401CF8305900432D84 /* Resources */,
				38F7097C1CF8308A00432D84 /* CopyFiles */,
			);
			buildRules = (
			);
			dependencies = (
			);
			name = MyCoreTextDemo;
			productName = MyCoreTextDemo;
			productReference = 38F709421CF8305900432D84 /* MyCoreTextDemo.app */;
			productType = "com.apple.product-type.application";
		};
		38F7095A1CF8305900432D84 /* MyCoreTextDemoTests */ = {
			isa = PBXNativeTarget;
			buildConfigurationList = 38F709721CF8305900432D84 /* Build configuration list for PBXNativeTarget "MyCoreTextDemoTests" */;
			buildPhases = (
				38F709571CF8305900432D84 /* Sources */,
				38F709581CF8305900432D84 /* Frameworks */,
				38F709591CF8305900432D84 /* Resources */,
			);
			buildRules = (
			);
			dependencies = (
				38F7095D1CF8305900432D84 /* PBXTargetDependency */,
			);
			name = MyCoreTextDemoTests;
			productName = MyCoreTextDemoTests;
			productReference = 38F7095B1CF8305900432D84 /* MyCoreTextDemoTests.xctest */;
			productType = "com.apple.product-type.bundle.unit-test";
		};
		38F709651CF8305900432D84 /* MyCoreTextDemoUITests */ = {
			isa = PBXNativeTarget;
			buildConfigurationList = 38F709751CF8305900432D84 /* Build configuration list for PBXNativeTarget "MyCoreTextDemoUITests" */;
			buildPhases = (
				38F709621CF8305900432D84 /* Sources */,
				38F709631CF8305900432D84 /* Frameworks */,
				38F709641CF8305900432D84 /* Resources */,
			);
			buildRules = (
			);
			dependencies = (
				38F709681CF8305900432D84 /* PBXTargetDependency */,
			);
			name = MyCoreTextDemoUITests;
			productName = MyCoreTextDemoUITests;
			productReference = 38F709661CF8305900432D84 /* MyCoreTextDemoUITests.xctest */;
			productType = "com.apple.product-type.bundle.ui-testing";
		};
/* End PBXNativeTarget section */

/* Begin PBXProject section */
		38F7093A1CF8305900432D84 /* Project object */ = {
			isa = PBXProject;
			attributes = {
				LastUpgradeCheck = 0730;
				ORGANIZATIONNAME = ZJ;
				TargetAttributes = {
					38F709411CF8305900432D84 = {
						CreatedOnToolsVersion = 7.3.1;
					};
					38F7095A1CF8305900432D84 = {
						CreatedOnToolsVersion = 7.3.1;
						TestTargetID = 38F709411CF8305900432D84;
					};
					38F709651CF8305900432D84 = {
						CreatedOnToolsVersion = 7.3.1;
						TestTargetID = 38F709411CF8305900432D84;
					};
				};
			};
			buildConfigurationList = 38F7093D1CF8305900432D84 /* Build configuration list for PBXProject "MyCoreTextDemo" */;
			compatibilityVersion = "Xcode 3.2";
			developmentRegion = English;
			hasScannedForEncodings = 0;
			knownRegions = (
				en,
				Base,
			);
			mainGroup = 38F709391CF8305900432D84;
			productRefGroup = 38F709431CF8305900432D84 /* Products */;
			projectDirPath = "";
			projectRoot = "";
			targets = (
				38F709411CF8305900432D84 /* MyCoreTextDemo */,
				38F7095A1CF8305900432D84 /* MyCoreTextDemoTests */,
				38F709651CF8305900432D84 /* MyCoreTextDemoUITests */,
			);
		};
/* End PBXProject section */

/* Begin PBXResourcesBuildPhase section */
		38F709401CF8305900432D84 /* Resources */ = {
			isa = PBXResourcesBuildPhase;
			buildActionMask = 2147483647;
			files = (
				38F709551CF8305900432D84 /* LaunchScreen.storyboard in Resources */,
				38F709521CF8305900432D84 /* Assets.xcassets in Resources */,
				38F709501CF8305900432D84 /* Main.storyboard in Resources */,
			);
			runOnlyForDeploymentPostprocessing = 0;
		};
		38F709591CF8305900432D84 /* Resources */ = {
			isa = PBXResourcesBuildPhase;
			buildActionMask = 2147483647;
			files = (
			);
			runOnlyForDeploymentPostprocessing = 0;
		};
		38F709641CF8305900432D84 /* Resources */ = {
			isa = PBXResourcesBuildPhase;
			buildActionMask = 2147483647;
			files = (
			);
			runOnlyForDeploymentPostprocessing = 0;
		};
/* End PBXResourcesBuildPhase section */

/* Begin PBXSourcesBuildPhase section */
		38F7093E1CF8305900432D84 /* Sources */ = {
			isa = PBXSourcesBuildPhase;
			buildActionMask = 2147483647;
			files = (
				38F7094D1CF8305900432D84 /* ViewController.m in Sources */,
				38F7094A1CF8305900432D84 /* AppDelegate.m in Sources */,
				38F709471CF8305900432D84 /* main.m in Sources */,
			);
			runOnlyForDeploymentPostprocessing = 0;
		};
		38F709571CF8305900432D84 /* Sources */ = {
			isa = PBXSourcesBuildPhase;
			buildActionMask = 2147483647;
			files = (
				38F709601CF8305900432D84 /* MyCoreTextDemoTests.m in Sources */,
			);
			runOnlyForDeploymentPostprocessing = 0;
		};
		38F709621CF8305900432D84 /* Sources */ = {
			isa = PBXSourcesBuildPhase;
			buildActionMask = 2147483647;
			files = (
				38F7096B1CF8305900432D84 /* MyCoreTextDemoUITests.m in Sources */,
			);
			runOnlyForDeploymentPostprocessing = 0;
		};
/* End PBXSourcesBuildPhase section */

/* Begin PBXTargetDependency section */
		38F7095D1CF8305900432D84 /* PBXTargetDependency */ = {
			isa = PBXTargetDependency;
			target = 38F709411CF8305900432D84 /* MyCoreTextDemo */;
			targetProxy = 38F7095C1CF8305900432D84 /* PBXContainerItemProxy */;
		};
		38F709681CF8305900432D84 /* PBXTargetDependency */ = {
			isa = PBXTargetDependency;
			target = 38F709411CF8305900432D84 /* MyCoreTextDemo */;
			targetProxy = 38F709671CF8305900432D84 /* PBXContainerItemProxy */;
		};
/* End PBXTargetDependency section */

/* Begin PBXVariantGroup section */
		38F7094E1CF8305900432D84 /* Main.storyboard */ = {
			isa = PBXVariantGroup;
			children = (
				38F7094F1CF8305900432D84 /* Base */,
			);
			name = Main.storyboard;
			sourceTree = "<group>";
		};
		38F709531CF8305900432D84 /* LaunchScreen.storyboard */ = {
			isa = PBXVariantGroup;
			children = (
				38F709541CF8305900432D84 /* Base */,
			);
			name = LaunchScreen.storyboard;
			sourceTree = "<group>";
		};
/* End PBXVariantGroup section */

/* Begin XCBuildConfiguration section */
		38F7096D1CF8305900432D84 /* Debug */ = {
			isa = XCBuildConfiguration;
			buildSettings = {
				ALWAYS_SEARCH_USER_PATHS = NO;
				CLANG_ANALYZER_NONNULL = YES;
				CLANG_CXX_LANGUAGE_STANDARD = "gnu++0x";
				CLANG_CXX_LIBRARY = "libc++";
				CLANG_ENABLE_MODULES = YES;
				CLANG_ENABLE_OBJC_ARC = YES;
				CLANG_WARN_BOOL_CONVERSION = YES;
				CLANG_WARN_CONSTANT_CONVERSION = YES;
				CLANG_WARN_DIRECT_OBJC_ISA_USAGE = YES_ERROR;
				CLANG_WARN_EMPTY_BODY = YES;
				CLANG_WARN_ENUM_CONVERSION = YES;
				CLANG_WARN_INT_CONVERSION = YES;
				CLANG_WARN_OBJC_ROOT_CLASS = YES_ERROR;
				CLANG_WARN_UNREACHABLE_CODE = YES;
				CLANG_WARN__DUPLICATE_METHOD_MATCH = YES;
				"CODE_SIGN_IDENTITY[sdk=iphoneos*]" = "iPhone Developer";
				COPY_PHASE_STRIP = NO;
				DEBUG_INFORMATION_FORMAT = dwarf;
				ENABLE_STRICT_OBJC_MSGSEND = YES;
				ENABLE_TESTABILITY = YES;
				GCC_C_LANGUAGE_STANDARD = gnu99;
				GCC_DYNAMIC_NO_PIC = NO;
				GCC_NO_COMMON_BLOCKS = YES;
				GCC_OPTIMIZATION_LEVEL = 0;
				GCC_PREPROCESSOR_DEFINITIONS = (
					"DEBUG=1",
					"$(inherited)",
				);
				GCC_WARN_64_TO_32_BIT_CONVERSION = YES;
				GCC_WARN_ABOUT_RETURN_TYPE = YES_ERROR;
				GCC_WARN_UNDECLARED_SELECTOR = YES;
				GCC_WARN_UNINITIALIZED_AUTOS = YES_AGGRESSIVE;
				GCC_WARN_UNUSED_FUNCTION = YES;
				GCC_WARN_UNUSED_VARIABLE = YES;
				IPHONEOS_DEPLOYMENT_TARGET = 7.0;
				MTL_ENABLE_DEBUG_INFO = YES;
				ONLY_ACTIVE_ARCH = YES;
				SDKROOT = iphoneos;
			};
			name = Debug;
		};
		38F7096E1CF8305900432D84 /* Release */ = {
			isa = XCBuildConfiguration;
			buildSettings = {
				ALWAYS_SEARCH_USER_PATHS = NO;
				CLANG_ANALYZER_NONNULL = YES;
				CLANG_CXX_LANGUAGE_STANDARD = "gnu++0x";
				CLANG_CXX_LIBRARY = "libc++";
				CLANG_ENABLE_MODULES = YES;
				CLANG_ENABLE_OBJC_ARC = YES;
				CLANG_WARN_BOOL_CONVERSION = YES;
				CLANG_WARN_CONSTANT_CONVERSION = YES;
				CLANG_WARN_DIRECT_OBJC_ISA_USAGE = YES_ERROR;
				CLANG_WARN_EMPTY_BODY = YES;
				CLANG_WARN_ENUM_CONVERSION = YES;
				CLANG_WARN_INT_CONVERSION = YES;
				CLANG_WARN_OBJC_ROOT_CLASS = YES_ERROR;
				CLANG_WARN_UNREACHABLE_CODE = YES;
				CLANG_WARN__DUPLICATE_METHOD_MATCH = YES;
				"CODE_SIGN_IDENTITY[sdk=iphoneos*]" = "iPhone Developer";
				COPY_PHASE_STRIP = NO;
				DEBUG_INFORMATION_FORMAT = "dwarf-with-dsym";
				ENABLE_NS_ASSERTIONS = NO;
				ENABLE_STRICT_OBJC_MSGSEND = YES;
				GCC_C_LANGUAGE_STANDARD = gnu99;
				GCC_NO_COMMON_BLOCKS = YES;
				GCC_WARN_64_TO_32_BIT_CONVERSION = YES;
				GCC_WARN_ABOUT_RETURN_TYPE = YES_ERROR;
				GCC_WARN_UNDECLARED_SELECTOR = YES;
				GCC_WARN_UNINITIALIZED_AUTOS = YES_AGGRESSIVE;
				GCC_WARN_UNUSED_FUNCTION = YES;
				GCC_WARN_UNUSED_VARIABLE = YES;
				IPHONEOS_DEPLOYMENT_TARGET = 7.0;
				MTL_ENABLE_DEBUG_INFO = NO;
				SDKROOT = iphoneos;
				VALIDATE_PRODUCT = YES;
			};
			name = Release;
		};
		38F709701CF8305900432D84 /* Debug */ = {
			isa = XCBuildConfiguration;
			buildSettings = {
				ASSETCATALOG_COMPILER_APPICON_NAME = AppIcon;
				FRAMEWORK_SEARCH_PATHS = (
					"$(inherited)",
					"$(PROJECT_DIR)/MyCoreTextDemo",
				);
				INFOPLIST_FILE = MyCoreTextDemo/Info.plist;
				IPHONEOS_DEPLOYMENT_TARGET = 7.0;
				LD_RUNPATH_SEARCH_PATHS = "$(inherited) @executable_path/Frameworks";
				PRODUCT_BUNDLE_IDENTIFIER = com.HZT.MyCoreTextDemo;
				PRODUCT_NAME = "$(TARGET_NAME)";
			};
			name = Debug;
		};
		38F709711CF8305900432D84 /* Release */ = {
			isa = XCBuildConfiguration;
			buildSettings = {
				ASSETCATALOG_COMPILER_APPICON_NAME = AppIcon;
				FRAMEWORK_SEARCH_PATHS = (
					"$(inherited)",
					"$(PROJECT_DIR)/MyCoreTextDemo",
				);
				INFOPLIST_FILE = MyCoreTextDemo/Info.plist;
				IPHONEOS_DEPLOYMENT_TARGET = 7.0;
				LD_RUNPATH_SEARCH_PATHS = "$(inherited) @executable_path/Frameworks";
				PRODUCT_BUNDLE_IDENTIFIER = com.HZT.MyCoreTextDemo;
				PRODUCT_NAME = "$(TARGET_NAME)";
			};
			name = Release;
		};
		38F709731CF8305900432D84 /* Debug */ = {
			isa = XCBuildConfiguration;
			buildSettings = {
				BUNDLE_LOADER = "$(TEST_HOST)";
				INFOPLIST_FILE = MyCoreTextDemoTests/Info.plist;
				LD_RUNPATH_SEARCH_PATHS = "$(inherited) @executable_path/Frameworks @loader_path/Frameworks";
				PRODUCT_BUNDLE_IDENTIFIER = com.HZT.MyCoreTextDemoTests;
				PRODUCT_NAME = "$(TARGET_NAME)";
				TEST_HOST = "$(BUILT_PRODUCTS_DIR)/MyCoreTextDemo.app/MyCoreTextDemo";
			};
			name = Debug;
		};
		38F709741CF8305900432D84 /* Release */ = {
			isa = XCBuildConfiguration;
			buildSettings = {
				BUNDLE_LOADER = "$(TEST_HOST)";
				INFOPLIST_FILE = MyCoreTextDemoTests/Info.plist;
				LD_RUNPATH_SEARCH_PATHS = "$(inherited) @executable_path/Frameworks @loader_path/Frameworks";
				PRODUCT_BUNDLE_IDENTIFIER = com.HZT.MyCoreTextDemoTests;
				PRODUCT_NAME = "$(TARGET_NAME)";
				TEST_HOST = "$(BUILT_PRODUCTS_DIR)/MyCoreTextDemo.app/MyCoreTextDemo";
			};
			name = Release;
		};
		38F709761CF8305900432D84 /* Debug */ = {
			isa = XCBuildConfiguration;
			buildSettings = {
				INFOPLIST_FILE = MyCoreTextDemoUITests/Info.plist;
				LD_RUNPATH_SEARCH_PATHS = "$(inherited) @executable_path/Frameworks @loader_path/Frameworks";
				PRODUCT_BUNDLE_IDENTIFIER = com.HZT.MyCoreTextDemoUITests;
				PRODUCT_NAME = "$(TARGET_NAME)";
				TEST_TARGET_NAME = MyCoreTextDemo;
			};
			name = Debug;
		};
		38F709771CF8305900432D84 /* Release */ = {
			isa = XCBuildConfiguration;
			buildSettings = {
				INFOPLIST_FILE = MyCoreTextDemoUITests/Info.plist;
				LD_RUNPATH_SEARCH_PATHS = "$(inherited) @executable_path/Frameworks @loader_path/Frameworks";
				PRODUCT_BUNDLE_IDENTIFIER = com.HZT.MyCoreTextDemoUITests;
				PRODUCT_NAME = "$(TARGET_NAME)";
				TEST_TARGET_NAME = MyCoreTextDemo;
			};
			name = Release;
		};
/* End XCBuildConfiguration section */

/* Begin XCConfigurationList section */
		38F7093D1CF8305900432D84 /* Build configuration list for PBXProject "MyCoreTextDemo" */ = {
			isa = XCConfigurationList;
			buildConfigurations = (
				38F7096D1CF8305900432D84 /* Debug */,
				38F7096E1CF8305900432D84 /* Release */,
			);
			defaultConfigurationIsVisible = 0;
			defaultConfigurationName = Release;
		};
		38F7096F1CF8305900432D84 /* Build configuration list for PBXNativeTarget "MyCoreTextDemo" */ = {
			isa = XCConfigurationList;
			buildConfigurations = (
				38F709701CF8305900432D84 /* Debug */,
				38F709711CF8305900432D84 /* Release */,
			);
			defaultConfigurationIsVisible = 0;
		};
		38F709721CF8305900432D84 /* Build configuration list for PBXNativeTarget "MyCoreTextDemoTests" */ = {
			isa = XCConfigurationList;
			buildConfigurations = (
				38F709731CF8305900432D84 /* Debug */,
				38F709741CF8305900432D84 /* Release */,
			);
			defaultConfigurationIsVisible = 0;
		};
		38F709751CF8305900432D84 /* Build configuration list for PBXNativeTarget "MyCoreTextDemoUITests" */ = {
			isa = XCConfigurationList;
			buildConfigurations = (
				38F709761CF8305900432D84 /* Debug */,
				38F709771CF8305900432D84 /* Release */,
			);
			defaultConfigurationIsVisible = 0;
		};
/* End XCConfigurationList section */
	};
	rootObject = 38F7093A1CF8305900432D84 /* Project object */;
}
